
Microsoft Visual Studio Solution File, Format Version 12.00
# Visual Studio Version 17
VisualStudioVersion = 17.10.35013.160
MinimumVisualStudioVersion = 10.0.40219.1
Project("{FAE04EC0-301F-11D3-BF4B-00C04F79EFBC}") = "API-Demo", "API-Demo\API-Demo.csproj", "{C293BB15-F1E5-4716-87D5-3AEE3D7E0449}"
EndProject
Global
	GlobalSection(SolutionConfigurationPlatforms) = preSolution
		Debug|Any CPU = Debug|Any CPU
		Release|Any CPU = Release|Any CPU
	EndGlobalSection
	GlobalSection(ProjectConfigurationPlatforms) = postSolution
		{C293BB15-F1E5-4716-87D5-3AEE3D7E0449}.Debug|Any CPU.ActiveCfg = Debug|Any CPU
		{C293BB15-F1E5-4716-87D5-3AEE3D7E0449}.Debug|Any CPU.Build.0 = Debug|Any CPU
		{C293BB15-F1E5-4716-87D5-3AEE3D7E0449}.Release|Any CPU.ActiveCfg = Release|Any CPU
		{C293BB15-F1E5-4716-87D5-3AEE3D7E0449}.Release|Any CPU.Build.0 = Release|Any CPU
	EndGlobalSection
	GlobalSection(SolutionProperties) = preSolution
		HideSolutionNode = FALSE
	EndGlobalSection
	GlobalSection(ExtensibilityGlobals) = postSolution
		SolutionGuid = {762BF7C0-A724-4103-80C1-8459AB8849A7}
	EndGlobalSection
EndGlobal
